
Microsoft Visual Studio Solution File, Format Version 12.00
# Visual Studio Version 16
VisualStudioVersion = 16.0.29709.97
MinimumVisualStudioVersion = 10.0.40219.1
Project("{2150E333-8FDC-42A3-9474-1A3956D46DE8}") = "1- Services", "1- Services", "{281034D9-FB67-4C0A-8321-3F2776EE655B}"
EndProject
Project("{2150E333-8FDC-42A3-9474-1A3956D46DE8}") = "3- Domain", "3- Domain", "{5F4E2122-E80B-4623-9CA9-45C3A2EEA536}"
EndProject
Project("{2150E333-8FDC-42A3-9474-1A3956D46DE8}") = "4 - Infrastructure", "4 - Infrastructure", "{3E10F6AD-768A-4554-BA85-A630BC620BDF}"
EndProject
Project("{9A19103F-16F7-4668-BE54-9A1E7A4F7556}") = "RestAPI.api", "RestAPI.api\RestAPI.api.csproj", "{E244723E-89C7-4089-A3EA-A6CB500ADC50}"
EndProject
Project("{9A19103F-16F7-4668-BE54-9A1E7A4F7556}") = "ApiRest.Domain", "ApiRest.Domain\ApiRest.Domain.csproj", "{DE3A5C27-42B7-48EE-B898-0DCAE03E4D87}"
EndProject
Project("{2150E333-8FDC-42A3-9474-1A3956D46DE8}") = "2 - Application", "2 - Application", "{4EF35399-D886-4EEC-85A4-BFE5F136D60F}"
EndProject
Project("{9A19103F-16F7-4668-BE54-9A1E7A4F7556}") = "RestAPI.Application", "RestAPI.Application\RestAPI.Application.csproj", "{4673C7D2-6F5F-4F94-9870-F336D85ECFD7}"
EndProject
Project("{9A19103F-16F7-4668-BE54-9A1E7A4F7556}") = "RestAPI.Domain.Core", "RestAPI.Domain.Core\RestAPI.Domain.Core.csproj", "{64434AB6-4609-4B02-9833-159D9C5E7F92}"
EndProject
Project("{9A19103F-16F7-4668-BE54-9A1E7A4F7556}") = "RestAPI.Infrastructure", "RestAPI.Infrastructure\RestAPI.Infrastructure.csproj", "{53E08FE8-DAF9-4CF7-8C80-8AC92CA0A9D4}"
EndProject
Project("{FAE04EC0-301F-11D3-BF4B-00C04F79EFBC}") = "RestAPI.Domain.Services", "RestAPI.Domain.Services\RestAPI.Domain.Services.csproj", "{B838ED2A-75EE-4EF5-9D5A-DA98C4D265C2}"
EndProject
Global
	GlobalSection(SolutionConfigurationPlatforms) = preSolution
		Debug|Any CPU = Debug|Any CPU
		Release|Any CPU = Release|Any CPU
	EndGlobalSection
	GlobalSection(ProjectConfigurationPlatforms) = postSolution
		{E244723E-89C7-4089-A3EA-A6CB500ADC50}.Debug|Any CPU.ActiveCfg = Debug|Any CPU
		{E244723E-89C7-4089-A3EA-A6CB500ADC50}.Debug|Any CPU.Build.0 = Debug|Any CPU
		{E244723E-89C7-4089-A3EA-A6CB500ADC50}.Release|Any CPU.ActiveCfg = Release|Any CPU
		{E244723E-89C7-4089-A3EA-A6CB500ADC50}.Release|Any CPU.Build.0 = Release|Any CPU
		{DE3A5C27-42B7-48EE-B898-0DCAE03E4D87}.Debug|Any CPU.ActiveCfg = Debug|Any CPU
		{DE3A5C27-42B7-48EE-B898-0DCAE03E4D87}.Debug|Any CPU.Build.0 = Debug|Any CPU
		{DE3A5C27-42B7-48EE-B898-0DCAE03E4D87}.Release|Any CPU.ActiveCfg = Release|Any CPU
		{DE3A5C27-42B7-48EE-B898-0DCAE03E4D87}.Release|Any CPU.Build.0 = Release|Any CPU
		{4673C7D2-6F5F-4F94-9870-F336D85ECFD7}.Debug|Any CPU.ActiveCfg = Debug|Any CPU
		{4673C7D2-6F5F-4F94-9870-F336D85ECFD7}.Debug|Any CPU.Build.0 = Debug|Any CPU
		{4673C7D2-6F5F-4F94-9870-F336D85ECFD7}.Release|Any CPU.ActiveCfg = Release|Any CPU
		{4673C7D2-6F5F-4F94-9870-F336D85ECFD7}.Release|Any CPU.Build.0 = Release|Any CPU
		{64434AB6-4609-4B02-9833-159D9C5E7F92}.Debug|Any CPU.ActiveCfg = Debug|Any CPU
		{64434AB6-4609-4B02-9833-159D9C5E7F92}.Debug|Any CPU.Build.0 = Debug|Any CPU
		{64434AB6-4609-4B02-9833-159D9C5E7F92}.Release|Any CPU.ActiveCfg = Release|Any CPU
		{64434AB6-4609-4B02-9833-159D9C5E7F92}.Release|Any CPU.Build.0 = Release|Any CPU
		{53E08FE8-DAF9-4CF7-8C80-8AC92CA0A9D4}.Debug|Any CPU.ActiveCfg = Debug|Any CPU
		{53E08FE8-DAF9-4CF7-8C80-8AC92CA0A9D4}.Debug|Any CPU.Build.0 = Debug|Any CPU
		{53E08FE8-DAF9-4CF7-8C80-8AC92CA0A9D4}.Release|Any CPU.ActiveCfg = Release|Any CPU
		{53E08FE8-DAF9-4CF7-8C80-8AC92CA0A9D4}.Release|Any CPU.Build.0 = Release|Any CPU
		{B838ED2A-75EE-4EF5-9D5A-DA98C4D265C2}.Debug|Any CPU.ActiveCfg = Debug|Any CPU
		{B838ED2A-75EE-4EF5-9D5A-DA98C4D265C2}.Debug|Any CPU.Build.0 = Debug|Any CPU
		{B838ED2A-75EE-4EF5-9D5A-DA98C4D265C2}.Release|Any CPU.ActiveCfg = Release|Any CPU
		{B838ED2A-75EE-4EF5-9D5A-DA98C4D265C2}.Release|Any CPU.Build.0 = Release|Any CPU
	EndGlobalSection
	GlobalSection(SolutionProperties) = preSolution
		HideSolutionNode = FALSE
	EndGlobalSection
	GlobalSection(NestedProjects) = preSolution
		{E244723E-89C7-4089-A3EA-A6CB500ADC50} = {281034D9-FB67-4C0A-8321-3F2776EE655B}
		{DE3A5C27-42B7-48EE-B898-0DCAE03E4D87} = {5F4E2122-E80B-4623-9CA9-45C3A2EEA536}
		{4673C7D2-6F5F-4F94-9870-F336D85ECFD7} = {4EF35399-D886-4EEC-85A4-BFE5F136D60F}
		{64434AB6-4609-4B02-9833-159D9C5E7F92} = {5F4E2122-E80B-4623-9CA9-45C3A2EEA536}
		{53E08FE8-DAF9-4CF7-8C80-8AC92CA0A9D4} = {3E10F6AD-768A-4554-BA85-A630BC620BDF}
		{B838ED2A-75EE-4EF5-9D5A-DA98C4D265C2} = {5F4E2122-E80B-4623-9CA9-45C3A2EEA536}
	EndGlobalSection
	GlobalSection(ExtensibilityGlobals) = postSolution
		SolutionGuid = {4382AC5D-ABEF-40A9-8365-8D86FE7066F8}
	EndGlobalSection
EndGlobal
